
Microsoft Visual Studio Solution File, Format Version 12.00
# Visual Studio Version 16
VisualStudioVersion = 16.0.32407.337
MinimumVisualStudioVersion = 10.0.40219.1
Project("{8BC9CEB8-8B4A-11D0-8D11-00A0C91BC942}") = "lab2.4(OP)", "lab2.4(OP).vcxproj", "{D5691A37-2F5B-4421-BD65-54E4699391CA}"
EndProject
Global
	GlobalSection(SolutionConfigurationPlatforms) = preSolution
		Debug|x64 = Debug|x64
		Debug|x86 = Debug|x86
		Release|x64 = Release|x64
		Release|x86 = Release|x86
	EndGlobalSection
	GlobalSection(ProjectConfigurationPlatforms) = postSolution
		{D5691A37-2F5B-4421-BD65-54E4699391CA}.Debug|x64.ActiveCfg = Debug|x64
		{D5691A37-2F5B-4421-BD65-54E4699391CA}.Debug|x64.Build.0 = Debug|x64
		{D5691A37-2F5B-4421-BD65-54E4699391CA}.Debug|x86.ActiveCfg = Debug|Win32
		{D5691A37-2F5B-4421-BD65-54E4699391CA}.Debug|x86.Build.0 = Debug|Win32
		{D5691A37-2F5B-4421-BD65-54E4699391CA}.Release|x64.ActiveCfg = Release|x64
		{D5691A37-2F5B-4421-BD65-54E4699391CA}.Release|x64.Build.0 = Release|x64
		{D5691A37-2F5B-4421-BD65-54E4699391CA}.Release|x86.ActiveCfg = Release|Win32
		{D5691A37-2F5B-4421-BD65-54E4699391CA}.Release|x86.Build.0 = Release|Win32
	EndGlobalSection
	GlobalSection(SolutionProperties) = preSolution
		HideSolutionNode = FALSE
	EndGlobalSection
	GlobalSection(ExtensibilityGlobals) = postSolution
		SolutionGuid = {0A2F83C8-ED2D-4F53-AE23-280A073752F8}
	EndGlobalSection
EndGlobal
